// !$*UTF8*$!
{
	archiveVersion = 1;
	classes = {
	};
	objectVersion = 56;
	objects = {

/* Begin PBXBuildFile section */
		9B7787702A4C6BEB00A861AD /* AddFriendViewController.swift in Sources */ = {isa = PBXBuildFile; fileRef = 9B77876F2A4C6BEB00A861AD /* AddFriendViewController.swift */; };
		9B91213A2A49D0A500D11036 /* AppDelegate.swift in Sources */ = {isa = PBXBuildFile; fileRef = 9B9121392A49D0A500D11036 /* AppDelegate.swift */; };
		9B91213C2A49D0A500D11036 /* SceneDelegate.swift in Sources */ = {isa = PBXBuildFile; fileRef = 9B91213B2A49D0A500D11036 /* SceneDelegate.swift */; };
		9B9121412A49D0A500D11036 /* Main.storyboard in Resources */ = {isa = PBXBuildFile; fileRef = 9B91213F2A49D0A500D11036 /* Main.storyboard */; };
		9B9121432A49D0A600D11036 /* Assets.xcassets in Resources */ = {isa = PBXBuildFile; fileRef = 9B9121422A49D0A600D11036 /* Assets.xcassets */; };
		9B9121462A49D0A600D11036 /* LaunchScreen.storyboard in Resources */ = {isa = PBXBuildFile; fileRef = 9B9121442A49D0A600D11036 /* LaunchScreen.storyboard */; };
		9B9121512A49D0A600D11036 /* DemoAPITests.swift in Sources */ = {isa = PBXBuildFile; fileRef = 9B9121502A49D0A600D11036 /* DemoAPITests.swift */; };
		9B91215B2A49D0A600D11036 /* DemoAPIUITests.swift in Sources */ = {isa = PBXBuildFile; fileRef = 9B91215A2A49D0A600D11036 /* DemoAPIUITests.swift */; };
		9B91215D2A49D0A700D11036 /* DemoAPIUITestsLaunchTests.swift in Sources */ = {isa = PBXBuildFile; fileRef = 9B91215C2A49D0A700D11036 /* DemoAPIUITestsLaunchTests.swift */; };
		9B91216B2A49D0DA00D11036 /* Alamofire in Frameworks */ = {isa = PBXBuildFile; productRef = 9B91216A2A49D0DA00D11036 /* Alamofire */; };
		9B9121722A49D2F600D11036 /* ConversationResponseModel.swift in Sources */ = {isa = PBXBuildFile; fileRef = 9B9121712A49D2F600D11036 /* ConversationResponseModel.swift */; };
		9B9121752A49D5AE00D11036 /* APIHandler.swift in Sources */ = {isa = PBXBuildFile; fileRef = 9B9121742A49D5AE00D11036 /* APIHandler.swift */; };
		9B91217B2A49DB7200D11036 /* ConversationTableViewCell.swift in Sources */ = {isa = PBXBuildFile; fileRef = 9B9121792A49DB7200D11036 /* ConversationTableViewCell.swift */; };
		9B91217C2A49DB7200D11036 /* ConversationTableViewCell.xib in Resources */ = {isa = PBXBuildFile; fileRef = 9B91217A2A49DB7200D11036 /* ConversationTableViewCell.xib */; };
		9B9121892A49E71600D11036 /* ConversationViewController.swift in Sources */ = {isa = PBXBuildFile; fileRef = 9B9121882A49E71600D11036 /* ConversationViewController.swift */; };
		9BD443712A49EB750026C166 /* Kingfisher in Frameworks */ = {isa = PBXBuildFile; productRef = 9BD443702A49EB750026C166 /* Kingfisher */; };
		9BD443752A49F0730026C166 /* FriendsModel.swift in Sources */ = {isa = PBXBuildFile; fileRef = 9BD443742A49F0730026C166 /* FriendsModel.swift */; };
		9BD443782A49F2190026C166 /* FriendsTableViewCell.swift in Sources */ = {isa = PBXBuildFile; fileRef = 9BD443762A49F2190026C166 /* FriendsTableViewCell.swift */; };
		9BD443792A49F2190026C166 /* FriendsTableViewCell.xib in Resources */ = {isa = PBXBuildFile; fileRef = 9BD443772A49F2190026C166 /* FriendsTableViewCell.xib */; };
		9BD4437B2A49F4080026C166 /* FriendsViewController.swift in Sources */ = {isa = PBXBuildFile; fileRef = 9BD4437A2A49F4080026C166 /* FriendsViewController.swift */; };
/* End PBXBuildFile section */

/* Begin PBXContainerItemProxy section */
		9B91214D2A49D0A600D11036 /* PBXContainerItemProxy */ = {
			isa = PBXContainerItemProxy;
			containerPortal = 9B91212E2A49D0A500D11036 /* Project object */;
			proxyType = 1;
			remoteGlobalIDString = 9B9121352A49D0A500D11036;
			remoteInfo = DemoAPI;
		};
		9B9121572A49D0A600D11036 /* PBXContainerItemProxy */ = {
			isa = PBXContainerItemProxy;
			containerPortal = 9B91212E2A49D0A500D11036 /* Project object */;
			proxyType = 1;
			remoteGlobalIDString = 9B9121352A49D0A500D11036;
			remoteInfo = DemoAPI;
		};
/* End PBXContainerItemProxy section */

/* Begin PBXFileReference section */
		9B77876F2A4C6BEB00A861AD /* AddFriendViewController.swift */ = {isa = PBXFileReference; lastKnownFileType = sourcecode.swift; path = AddFriendViewController.swift; sourceTree = "<group>"; };
		9B9121362A49D0A500D11036 /* DemoAPI.app */ = {isa = PBXFileReference; explicitFileType = wrapper.application; includeInIndex = 0; path = DemoAPI.app; sourceTree = BUILT_PRODUCTS_DIR; };
		9B9121392A49D0A500D11036 /* AppDelegate.swift */ = {isa = PBXFileReference; lastKnownFileType = sourcecode.swift; path = AppDelegate.swift; sourceTree = "<group>"; };
		9B91213B2A49D0A500D11036 /* SceneDelegate.swift */ = {isa = PBXFileReference; lastKnownFileType = sourcecode.swift; path = SceneDelegate.swift; sourceTree = "<group>"; };
		9B9121402A49D0A500D11036 /* Base */ = {isa = PBXFileReference; lastKnownFileType = file.storyboard; name = Base; path = Base.lproj/Main.storyboard; sourceTree = "<group>"; };
		9B9121422A49D0A600D11036 /* Assets.xcassets */ = {isa = PBXFileReference; lastKnownFileType = folder.assetcatalog; path = Assets.xcassets; sourceTree = "<group>"; };
		9B9121452A49D0A600D11036 /* Base */ = {isa = PBXFileReference; lastKnownFileType = file.storyboard; name = Base; path = Base.lproj/LaunchScreen.storyboard; sourceTree = "<group>"; };
		9B9121472A49D0A600D11036 /* Info.plist */ = {isa = PBXFileReference; lastKnownFileType = text.plist.xml; path = Info.plist; sourceTree = "<group>"; };
		9B91214C2A49D0A600D11036 /* DemoAPITests.xctest */ = {isa = PBXFileReference; explicitFileType = wrapper.cfbundle; includeInIndex = 0; path = DemoAPITests.xctest; sourceTree = BUILT_PRODUCTS_DIR; };
		9B9121502A49D0A600D11036 /* DemoAPITests.swift */ = {isa = PBXFileReference; lastKnownFileType = sourcecode.swift; path = DemoAPITests.swift; sourceTree = "<group>"; };
		9B9121562A49D0A600D11036 /* DemoAPIUITests.xctest */ = {isa = PBXFileReference; explicitFileType = wrapper.cfbundle; includeInIndex = 0; path = DemoAPIUITests.xctest; sourceTree = BUILT_PRODUCTS_DIR; };
		9B91215A2A49D0A600D11036 /* DemoAPIUITests.swift */ = {isa = PBXFileReference; lastKnownFileType = sourcecode.swift; path = DemoAPIUITests.swift; sourceTree = "<group>"; };
		9B91215C2A49D0A700D11036 /* DemoAPIUITestsLaunchTests.swift */ = {isa = PBXFileReference; lastKnownFileType = sourcecode.swift; path = DemoAPIUITestsLaunchTests.swift; sourceTree = "<group>"; };
		9B9121712A49D2F600D11036 /* ConversationResponseModel.swift */ = {isa = PBXFileReference; lastKnownFileType = sourcecode.swift; path = ConversationResponseModel.swift; sourceTree = "<group>"; };
		9B9121742A49D5AE00D11036 /* APIHandler.swift */ = {isa = PBXFileReference; lastKnownFileType = sourcecode.swift; path = APIHandler.swift; sourceTree = "<group>"; };
		9B9121792A49DB7200D11036 /* ConversationTableViewCell.swift */ = {isa = PBXFileReference; lastKnownFileType = sourcecode.swift; path = ConversationTableViewCell.swift; sourceTree = "<group>"; };
		9B91217A2A49DB7200D11036 /* ConversationTableViewCell.xib */ = {isa = PBXFileReference; lastKnownFileType = file.xib; path = ConversationTableViewCell.xib; sourceTree = "<group>"; };
		9B9121882A49E71600D11036 /* ConversationViewController.swift */ = {isa = PBXFileReference; lastKnownFileType = sourcecode.swift; path = ConversationViewController.swift; sourceTree = "<group>"; };
		9BD443742A49F0730026C166 /* FriendsModel.swift */ = {isa = PBXFileReference; lastKnownFileType = sourcecode.swift; path = FriendsModel.swift; sourceTree = "<group>"; };
		9BD443762A49F2190026C166 /* FriendsTableViewCell.swift */ = {isa = PBXFileReference; lastKnownFileType = sourcecode.swift; path = FriendsTableViewCell.swift; sourceTree = "<group>"; };
		9BD443772A49F2190026C166 /* FriendsTableViewCell.xib */ = {isa = PBXFileReference; lastKnownFileType = file.xib; path = FriendsTableViewCell.xib; sourceTree = "<group>"; };
		9BD4437A2A49F4080026C166 /* FriendsViewController.swift */ = {isa = PBXFileReference; lastKnownFileType = sourcecode.swift; path = FriendsViewController.swift; sourceTree = "<group>"; };
/* End PBXFileReference section */

/* Begin PBXFrameworksBuildPhase section */
		9B9121332A49D0A500D11036 /* Frameworks */ = {
			isa = PBXFrameworksBuildPhase;
			buildActionMask = 2147483647;
			files = (
				9BD443712A49EB750026C166 /* Kingfisher in Frameworks */,
				9B91216B2A49D0DA00D11036 /* Alamofire in Frameworks */,
			);
			runOnlyForDeploymentPostprocessing = 0;
		};
		9B9121492A49D0A600D11036 /* Frameworks */ = {
			isa = PBXFrameworksBuildPhase;
			buildActionMask = 2147483647;
			files = (
			);
			runOnlyForDeploymentPostprocessing = 0;
		};
		9B9121532A49D0A600D11036 /* Frameworks */ = {
			isa = PBXFrameworksBuildPhase;
			buildActionMask = 2147483647;
			files = (
			);
			runOnlyForDeploymentPostprocessing = 0;
		};
/* End PBXFrameworksBuildPhase section */

/* Begin PBXGroup section */
		9B91212D2A49D0A500D11036 = {
			isa = PBXGroup;
			children = (
				9B9121382A49D0A500D11036 /* DemoAPI */,
				9B91214F2A49D0A600D11036 /* DemoAPITests */,
				9B9121592A49D0A600D11036 /* DemoAPIUITests */,
				9B9121372A49D0A500D11036 /* Products */,
			);
			sourceTree = "<group>";
		};
		9B9121372A49D0A500D11036 /* Products */ = {
			isa = PBXGroup;
			children = (
				9B9121362A49D0A500D11036 /* DemoAPI.app */,
				9B91214C2A49D0A600D11036 /* DemoAPITests.xctest */,
				9B9121562A49D0A600D11036 /* DemoAPIUITests.xctest */,
			);
			name = Products;
			sourceTree = "<group>";
		};
		9B9121382A49D0A500D11036 /* DemoAPI */ = {
			isa = PBXGroup;
			children = (
				9B9121812A49DCCC00D11036 /* Controller */,
				9B9121762A49DABF00D11036 /* Views */,
				9B9121732A49D57D00D11036 /* Handlers */,
				9B91216C2A49D28200D11036 /* Models */,
				9B9121392A49D0A500D11036 /* AppDelegate.swift */,
				9B91213B2A49D0A500D11036 /* SceneDelegate.swift */,
				9B91213F2A49D0A500D11036 /* Main.storyboard */,
				9B9121422A49D0A600D11036 /* Assets.xcassets */,
				9B9121442A49D0A600D11036 /* LaunchScreen.storyboard */,
				9B9121472A49D0A600D11036 /* Info.plist */,
			);
			path = DemoAPI;
			sourceTree = "<group>";
		};
		9B91214F2A49D0A600D11036 /* DemoAPITests */ = {
			isa = PBXGroup;
			children = (
				9B9121502A49D0A600D11036 /* DemoAPITests.swift */,
			);
			path = DemoAPITests;
			sourceTree = "<group>";
		};
		9B9121592A49D0A600D11036 /* DemoAPIUITests */ = {
			isa = PBXGroup;
			children = (
				9B91215A2A49D0A600D11036 /* DemoAPIUITests.swift */,
				9B91215C2A49D0A700D11036 /* DemoAPIUITestsLaunchTests.swift */,
			);
			path = DemoAPIUITests;
			sourceTree = "<group>";
		};
		9B91216C2A49D28200D11036 /* Models */ = {
			isa = PBXGroup;
			children = (
				9B9121702A49D2C200D11036 /* ResponseModels */,
				9B91216D2A49D28C00D11036 /* RequestModel */,
			);
			path = Models;
			sourceTree = "<group>";
		};
		9B91216D2A49D28C00D11036 /* RequestModel */ = {
			isa = PBXGroup;
			children = (
			);
			path = RequestModel;
			sourceTree = "<group>";
		};
		9B9121702A49D2C200D11036 /* ResponseModels */ = {
			isa = PBXGroup;
			children = (
				9B9121712A49D2F600D11036 /* ConversationResponseModel.swift */,
				9BD443742A49F0730026C166 /* FriendsModel.swift */,
			);
			path = ResponseModels;
			sourceTree = "<group>";
		};
		9B9121732A49D57D00D11036 /* Handlers */ = {
			isa = PBXGroup;
			children = (
				9B9121742A49D5AE00D11036 /* APIHandler.swift */,
			);
			path = Handlers;
			sourceTree = "<group>";
		};
		9B9121762A49DABF00D11036 /* Views */ = {
			isa = PBXGroup;
			children = (
				9B9121792A49DB7200D11036 /* ConversationTableViewCell.swift */,
				9B91217A2A49DB7200D11036 /* ConversationTableViewCell.xib */,
				9BD443762A49F2190026C166 /* FriendsTableViewCell.swift */,
				9BD443772A49F2190026C166 /* FriendsTableViewCell.xib */,
			);
			path = Views;
			sourceTree = "<group>";
		};
		9B9121812A49DCCC00D11036 /* Controller */ = {
			isa = PBXGroup;
			children = (
				9B9121882A49E71600D11036 /* ConversationViewController.swift */,
				9BD4437A2A49F4080026C166 /* FriendsViewController.swift */,
				9B77876F2A4C6BEB00A861AD /* AddFriendViewController.swift */,
			);
			path = Controller;
			sourceTree = "<group>";
		};
/* End PBXGroup section */

/* Begin PBXNativeTarget section */
		9B9121352A49D0A500D11036 /* DemoAPI */ = {
			isa = PBXNativeTarget;
			buildConfigurationList = 9B9121602A49D0A700D11036 /* Build configuration list for PBXNativeTarget "DemoAPI" */;
			buildPhases = (
				9B9121322A49D0A500D11036 /* Sources */,
				9B9121332A49D0A500D11036 /* Frameworks */,
				9B9121342A49D0A500D11036 /* Resources */,
			);
			buildRules = (
			);
			dependencies = (
			);
			name = DemoAPI;
			packageProductDependencies = (
				9B91216A2A49D0DA00D11036 /* Alamofire */,
				9BD443702A49EB750026C166 /* Kingfisher */,
			);
			productName = DemoAPI;
			productReference = 9B9121362A49D0A500D11036 /* DemoAPI.app */;
			productType = "com.apple.product-type.application";
		};
		9B91214B2A49D0A600D11036 /* DemoAPITests */ = {
			isa = PBXNativeTarget;
			buildConfigurationList = 9B9121632A49D0A700D11036 /* Build configuration list for PBXNativeTarget "DemoAPITests" */;
			buildPhases = (
				9B9121482A49D0A600D11036 /* Sources */,
				9B9121492A49D0A600D11036 /* Frameworks */,
				9B91214A2A49D0A600D11036 /* Resources */,
			);
			buildRules = (
			);
			dependencies = (
				9B91214E2A49D0A600D11036 /* PBXTargetDependency */,
			);
			name = DemoAPITests;
			productName = DemoAPITests;
			productReference = 9B91214C2A49D0A600D11036 /* DemoAPITests.xctest */;
			productType = "com.apple.product-type.bundle.unit-test";
		};
		9B9121552A49D0A600D11036 /* DemoAPIUITests */ = {
			isa = PBXNativeTarget;
			buildConfigurationList = 9B9121662A49D0A700D11036 /* Build configuration list for PBXNativeTarget "DemoAPIUITests" */;
			buildPhases = (
				9B9121522A49D0A600D11036 /* Sources */,
				9B9121532A49D0A600D11036 /* Frameworks */,
				9B9121542A49D0A600D11036 /* Resources */,
			);
			buildRules = (
			);
			dependencies = (
				9B9121582A49D0A600D11036 /* PBXTargetDependency */,
			);
			name = DemoAPIUITests;
			productName = DemoAPIUITests;
			productReference = 9B9121562A49D0A600D11036 /* DemoAPIUITests.xctest */;
			productType = "com.apple.product-type.bundle.ui-testing";
		};
/* End PBXNativeTarget section */

/* Begin PBXProject section */
		9B91212E2A49D0A500D11036 /* Project object */ = {
			isa = PBXProject;
			attributes = {
				BuildIndependentTargetsInParallel = 1;
				LastSwiftUpdateCheck = 1430;
				LastUpgradeCheck = 1430;
				TargetAttributes = {
					9B9121352A49D0A500D11036 = {
						CreatedOnToolsVersion = 14.3.1;
					};
					9B91214B2A49D0A600D11036 = {
						CreatedOnToolsVersion = 14.3.1;
						TestTargetID = 9B9121352A49D0A500D11036;
					};
					9B9121552A49D0A600D11036 = {
						CreatedOnToolsVersion = 14.3.1;
						TestTargetID = 9B9121352A49D0A500D11036;
					};
				};
			};
			buildConfigurationList = 9B9121312A49D0A500D11036 /* Build configuration list for PBXProject "DemoAPI" */;
			compatibilityVersion = "Xcode 14.0";
			developmentRegion = en;
			hasScannedForEncodings = 0;
			knownRegions = (
				en,
				Base,
			);
			mainGroup = 9B91212D2A49D0A500D11036;
			packageReferences = (
				9B9121692A49D0DA00D11036 /* XCRemoteSwiftPackageReference "Alamofire" */,
				9BD4436F2A49EB740026C166 /* XCRemoteSwiftPackageReference "Kingfisher" */,
			);
			productRefGroup = 9B9121372A49D0A500D11036 /* Products */;
			projectDirPath = "";
			projectRoot = "";
			targets = (
				9B9121352A49D0A500D11036 /* DemoAPI */,
				9B91214B2A49D0A600D11036 /* DemoAPITests */,
				9B9121552A49D0A600D11036 /* DemoAPIUITests */,
			);
		};
/* End PBXProject section */

/* Begin PBXResourcesBuildPhase section */
		9B9121342A49D0A500D11036 /* Resources */ = {
			isa = PBXResourcesBuildPhase;
			buildActionMask = 2147483647;
			files = (
				9B91217C2A49DB7200D11036 /* ConversationTableViewCell.xib in Resources */,
				9BD443792A49F2190026C166 /* FriendsTableViewCell.xib in Resources */,
				9B9121462A49D0A600D11036 /* LaunchScreen.storyboard in Resources */,
				9B9121432A49D0A600D11036 /* Assets.xcassets in Resources */,
				9B9121412A49D0A500D11036 /* Main.storyboard in Resources */,
			);
			runOnlyForDeploymentPostprocessing = 0;
		};
		9B91214A2A49D0A600D11036 /* Resources */ = {
			isa = PBXResourcesBuildPhase;
			buildActionMask = 2147483647;
			files = (
			);
			runOnlyForDeploymentPostprocessing = 0;
		};
		9B9121542A49D0A600D11036 /* Resources */ = {
			isa = PBXResourcesBuildPhase;
			buildActionMask = 2147483647;
			files = (
			);
			runOnlyForDeploymentPostprocessing = 0;
		};
/* End PBXResourcesBuildPhase section */

/* Begin PBXSourcesBuildPhase section */
		9B9121322A49D0A500D11036 /* Sources */ = {
			isa = PBXSourcesBuildPhase;
			buildActionMask = 2147483647;
			files = (
				9B9121892A49E71600D11036 /* ConversationViewController.swift in Sources */,
				9BD4437B2A49F4080026C166 /* FriendsViewController.swift in Sources */,
				9B7787702A4C6BEB00A861AD /* AddFriendViewController.swift in Sources */,
				9B9121722A49D2F600D11036 /* ConversationResponseModel.swift in Sources */,
				9B91217B2A49DB7200D11036 /* ConversationTableViewCell.swift in Sources */,
				9BD443782A49F2190026C166 /* FriendsTableViewCell.swift in Sources */,
				9B9121752A49D5AE00D11036 /* APIHandler.swift in Sources */,
				9BD443752A49F0730026C166 /* FriendsModel.swift in Sources */,
				9B91213A2A49D0A500D11036 /* AppDelegate.swift in Sources */,
				9B91213C2A49D0A500D11036 /* SceneDelegate.swift in Sources */,
			);
			runOnlyForDeploymentPostprocessing = 0;
		};
		9B9121482A49D0A600D11036 /* Sources */ = {
			isa = PBXSourcesBuildPhase;
			buildActionMask = 2147483647;
			files = (
				9B9121512A49D0A600D11036 /* DemoAPITests.swift in Sources */,
			);
			runOnlyForDeploymentPostprocessing = 0;
		};
		9B9121522A49D0A600D11036 /* Sources */ = {
			isa = PBXSourcesBuildPhase;
			buildActionMask = 2147483647;
			files = (
				9B91215D2A49D0A700D11036 /* DemoAPIUITestsLaunchTests.swift in Sources */,
				9B91215B2A49D0A600D11036 /* DemoAPIUITests.swift in Sources */,
			);
			runOnlyForDeploymentPostprocessing = 0;
		};
/* End PBXSourcesBuildPhase section */

/* Begin PBXTargetDependency section */
		9B91214E2A49D0A600D11036 /* PBXTargetDependency */ = {
			isa = PBXTargetDependency;
			target = 9B9121352A49D0A500D11036 /* DemoAPI */;
			targetProxy = 9B91214D2A49D0A600D11036 /* PBXContainerItemProxy */;
		};
		9B9121582A49D0A600D11036 /* PBXTargetDependency */ = {
			isa = PBXTargetDependency;
			target = 9B9121352A49D0A500D11036 /* DemoAPI */;
			targetProxy = 9B9121572A49D0A600D11036 /* PBXContainerItemProxy */;
		};
/* End PBXTargetDependency section */

/* Begin PBXVariantGroup section */
		9B91213F2A49D0A500D11036 /* Main.storyboard */ = {
			isa = PBXVariantGroup;
			children = (
				9B9121402A49D0A500D11036 /* Base */,
			);
			name = Main.storyboard;
			sourceTree = "<group>";
		};
		9B9121442A49D0A600D11036 /* LaunchScreen.storyboard */ = {
			isa = PBXVariantGroup;
			children = (
				9B9121452A49D0A600D11036 /* Base */,
			);
			name = LaunchScreen.storyboard;
			sourceTree = "<group>";
		};
/* End PBXVariantGroup section */

/* Begin XCBuildConfiguration section */
		9B91215E2A49D0A700D11036 /* Debug */ = {
			isa = XCBuildConfiguration;
			buildSettings = {
				ALWAYS_SEARCH_USER_PATHS = NO;
				CLANG_ANALYZER_NONNULL = YES;
				CLANG_ANALYZER_NUMBER_OBJECT_CONVERSION = YES_AGGRESSIVE;
				CLANG_CXX_LANGUAGE_STANDARD = "gnu++20";
				CLANG_ENABLE_MODULES = YES;
				CLANG_ENABLE_OBJC_ARC = YES;
				CLANG_ENABLE_OBJC_WEAK = YES;
				CLANG_WARN_BLOCK_CAPTURE_AUTORELEASING = YES;
				CLANG_WARN_BOOL_CONVERSION = YES;
				CLANG_WARN_COMMA = YES;
				CLANG_WARN_CONSTANT_CONVERSION = YES;
				CLANG_WARN_DEPRECATED_OBJC_IMPLEMENTATIONS = YES;
				CLANG_WARN_DIRECT_OBJC_ISA_USAGE = YES_ERROR;
				CLANG_WARN_DOCUMENTATION_COMMENTS = YES;
				CLANG_WARN_EMPTY_BODY = YES;
				CLANG_WARN_ENUM_CONVERSION = YES;
				CLANG_WARN_INFINITE_RECURSION = YES;
				CLANG_WARN_INT_CONVERSION = YES;
				CLANG_WARN_NON_LITERAL_NULL_CONVERSION = YES;
				CLANG_WARN_OBJC_IMPLICIT_RETAIN_SELF = YES;
				CLANG_WARN_OBJC_LITERAL_CONVERSION = YES;
				CLANG_WARN_OBJC_ROOT_CLASS = YES_ERROR;
				CLANG_WARN_QUOTED_INCLUDE_IN_FRAMEWORK_HEADER = YES;
				CLANG_WARN_RANGE_LOOP_ANALYSIS = YES;
				CLANG_WARN_STRICT_PROTOTYPES = YES;
				CLANG_WARN_SUSPICIOUS_MOVE = YES;
				CLANG_WARN_UNGUARDED_AVAILABILITY = YES_AGGRESSIVE;
				CLANG_WARN_UNREACHABLE_CODE = YES;
				CLANG_WARN__DUPLICATE_METHOD_MATCH = YES;
				COPY_PHASE_STRIP = NO;
				DEBUG_INFORMATION_FORMAT = dwarf;
				ENABLE_STRICT_OBJC_MSGSEND = YES;
				ENABLE_TESTABILITY = YES;
				GCC_C_LANGUAGE_STANDARD = gnu11;
				GCC_DYNAMIC_NO_PIC = NO;
				GCC_NO_COMMON_BLOCKS = YES;
				GCC_OPTIMIZATION_LEVEL = 0;
				GCC_PREPROCESSOR_DEFINITIONS = (
					"DEBUG=1",
					"$(inherited)",
				);
				GCC_WARN_64_TO_32_BIT_CONVERSION = YES;
				GCC_WARN_ABOUT_RETURN_TYPE = YES_ERROR;
				GCC_WARN_UNDECLARED_SELECTOR = YES;
				GCC_WARN_UNINITIALIZED_AUTOS = YES_AGGRESSIVE;
				GCC_WARN_UNUSED_FUNCTION = YES;
				GCC_WARN_UNUSED_VARIABLE = YES;
				IPHONEOS_DEPLOYMENT_TARGET = 16.4;
				MTL_ENABLE_DEBUG_INFO = INCLUDE_SOURCE;
				MTL_FAST_MATH = YES;
				ONLY_ACTIVE_ARCH = YES;
				SDKROOT = iphoneos;
				SWIFT_ACTIVE_COMPILATION_CONDITIONS = DEBUG;
				SWIFT_OPTIMIZATION_LEVEL = "-Onone";
			};
			name = Debug;
		};
		9B91215F2A49D0A700D11036 /* Release */ = {
			isa = XCBuildConfiguration;
			buildSettings = {
				ALWAYS_SEARCH_USER_PATHS = NO;
				CLANG_ANALYZER_NONNULL = YES;
				CLANG_ANALYZER_NUMBER_OBJECT_CONVERSION = YES_AGGRESSIVE;
				CLANG_CXX_LANGUAGE_STANDARD = "gnu++20";
				CLANG_ENABLE_MODULES = YES;
				CLANG_ENABLE_OBJC_ARC = YES;
				CLANG_ENABLE_OBJC_WEAK = YES;
				CLANG_WARN_BLOCK_CAPTURE_AUTORELEASING = YES;
				CLANG_WARN_BOOL_CONVERSION = YES;
				CLANG_WARN_COMMA = YES;
				CLANG_WARN_CONSTANT_CONVERSION = YES;
				CLANG_WARN_DEPRECATED_OBJC_IMPLEMENTATIONS = YES;
				CLANG_WARN_DIRECT_OBJC_ISA_USAGE = YES_ERROR;
				CLANG_WARN_DOCUMENTATION_COMMENTS = YES;
				CLANG_WARN_EMPTY_BODY = YES;
				CLANG_WARN_ENUM_CONVERSION = YES;
				CLANG_WARN_INFINITE_RECURSION = YES;
				CLANG_WARN_INT_CONVERSION = YES;
				CLANG_WARN_NON_LITERAL_NULL_CONVERSION = YES;
				CLANG_WARN_OBJC_IMPLICIT_RETAIN_SELF = YES;
				CLANG_WARN_OBJC_LITERAL_CONVERSION = YES;
				CLANG_WARN_OBJC_ROOT_CLASS = YES_ERROR;
				CLANG_WARN_QUOTED_INCLUDE_IN_FRAMEWORK_HEADER = YES;
				CLANG_WARN_RANGE_LOOP_ANALYSIS = YES;
				CLANG_WARN_STRICT_PROTOTYPES = YES;
				CLANG_WARN_SUSPICIOUS_MOVE = YES;
				CLANG_WARN_UNGUARDED_AVAILABILITY = YES_AGGRESSIVE;
				CLANG_WARN_UNREACHABLE_CODE = YES;
				CLANG_WARN__DUPLICATE_METHOD_MATCH = YES;
				COPY_PHASE_STRIP = NO;
				DEBUG_INFORMATION_FORMAT = "dwarf-with-dsym";
				ENABLE_NS_ASSERTIONS = NO;
				ENABLE_STRICT_OBJC_MSGSEND = YES;
				GCC_C_LANGUAGE_STANDARD = gnu11;
				GCC_NO_COMMON_BLOCKS = YES;
				GCC_WARN_64_TO_32_BIT_CONVERSION = YES;
				GCC_WARN_ABOUT_RETURN_TYPE = YES_ERROR;
				GCC_WARN_UNDECLARED_SELECTOR = YES;
				GCC_WARN_UNINITIALIZED_AUTOS = YES_AGGRESSIVE;
				GCC_WARN_UNUSED_FUNCTION = YES;
				GCC_WARN_UNUSED_VARIABLE = YES;
				IPHONEOS_DEPLOYMENT_TARGET = 16.4;
				MTL_ENABLE_DEBUG_INFO = NO;
				MTL_FAST_MATH = YES;
				SDKROOT = iphoneos;
				SWIFT_COMPILATION_MODE = wholemodule;
				SWIFT_OPTIMIZATION_LEVEL = "-O";
				VALIDATE_PRODUCT = YES;
			};
			name = Release;
		};
		9B9121612A49D0A700D11036 /* Debug */ = {
			isa = XCBuildConfiguration;
			buildSettings = {
				ASSETCATALOG_COMPILER_APPICON_NAME = AppIcon;
				ASSETCATALOG_COMPILER_GLOBAL_ACCENT_COLOR_NAME = AccentColor;
				CODE_SIGN_STYLE = Automatic;
				CURRENT_PROJECT_VERSION = 1;
				GENERATE_INFOPLIST_FILE = YES;
				INFOPLIST_FILE = DemoAPI/Info.plist;
				INFOPLIST_KEY_UIApplicationSupportsIndirectInputEvents = YES;
				INFOPLIST_KEY_UILaunchStoryboardName = LaunchScreen;
				INFOPLIST_KEY_UIMainStoryboardFile = Main;
				INFOPLIST_KEY_UISupportedInterfaceOrientations_iPad = "UIInterfaceOrientationPortrait UIInterfaceOrientationPortraitUpsideDown UIInterfaceOrientationLandscapeLeft UIInterfaceOrientationLandscapeRight";
				INFOPLIST_KEY_UISupportedInterfaceOrientations_iPhone = "UIInterfaceOrientationPortrait UIInterfaceOrientationLandscapeLeft UIInterfaceOrientationLandscapeRight";
				LD_RUNPATH_SEARCH_PATHS = (
					"$(inherited)",
					"@executable_path/Frameworks",
				);
				MARKETING_VERSION = 1.0;
				PRODUCT_BUNDLE_IDENTIFIER = pppp.DemoAPI;
				PRODUCT_NAME = "$(TARGET_NAME)";
				SWIFT_EMIT_LOC_STRINGS = YES;
				SWIFT_VERSION = 5.0;
				TARGETED_DEVICE_FAMILY = "1,2";
			};
			name = Debug;
		};
		9B9121622A49D0A700D11036 /* Release */ = {
			isa = XCBuildConfiguration;
			buildSettings = {
				ASSETCATALOG_COMPILER_APPICON_NAME = AppIcon;
				ASSETCATALOG_COMPILER_GLOBAL_ACCENT_COLOR_NAME = AccentColor;
				CODE_SIGN_STYLE = Automatic;
				CURRENT_PROJECT_VERSION = 1;
				GENERATE_INFOPLIST_FILE = YES;
				INFOPLIST_FILE = DemoAPI/Info.plist;
				INFOPLIST_KEY_UIApplicationSupportsIndirectInputEvents = YES;
				INFOPLIST_KEY_UILaunchStoryboardName = LaunchScreen;
				INFOPLIST_KEY_UIMainStoryboardFile = Main;
				INFOPLIST_KEY_UISupportedInterfaceOrientations_iPad = "UIInterfaceOrientationPortrait UIInterfaceOrientationPortraitUpsideDown UIInterfaceOrientationLandscapeLeft UIInterfaceOrientationLandscapeRight";
				INFOPLIST_KEY_UISupportedInterfaceOrientations_iPhone = "UIInterfaceOrientationPortrait UIInterfaceOrientationLandscapeLeft UIInterfaceOrientationLandscapeRight";
				LD_RUNPATH_SEARCH_PATHS = (
					"$(inherited)",
					"@executable_path/Frameworks",
				);
				MARKETING_VERSION = 1.0;
				PRODUCT_BUNDLE_IDENTIFIER = pppp.DemoAPI;
				PRODUCT_NAME = "$(TARGET_NAME)";
				SWIFT_EMIT_LOC_STRINGS = YES;
				SWIFT_VERSION = 5.0;
				TARGETED_DEVICE_FAMILY = "1,2";
			};
			name = Release;
		};
		9B9121642A49D0A700D11036 /* Debug */ = {
			isa = XCBuildConfiguration;
			buildSettings = {
				ALWAYS_EMBED_SWIFT_STANDARD_LIBRARIES = YES;
				BUNDLE_LOADER = "$(TEST_HOST)";
				CODE_SIGN_STYLE = Automatic;
				CURRENT_PROJECT_VERSION = 1;
				GENERATE_INFOPLIST_FILE = YES;
				IPHONEOS_DEPLOYMENT_TARGET = 16.4;
				MARKETING_VERSION = 1.0;
				PRODUCT_BUNDLE_IDENTIFIER = pppp.DemoAPITests;
				PRODUCT_NAME = "$(TARGET_NAME)";
				SWIFT_EMIT_LOC_STRINGS = NO;
				SWIFT_VERSION = 5.0;
				TARGETED_DEVICE_FAMILY = "1,2";
				TEST_HOST = "$(BUILT_PRODUCTS_DIR)/DemoAPI.app/$(BUNDLE_EXECUTABLE_FOLDER_PATH)/DemoAPI";
			};
			name = Debug;
		};
		9B9121652A49D0A700D11036 /* Release */ = {
			isa = XCBuildConfiguration;
			buildSettings = {
				ALWAYS_EMBED_SWIFT_STANDARD_LIBRARIES = YES;
				BUNDLE_LOADER = "$(TEST_HOST)";
				CODE_SIGN_STYLE = Automatic;
				CURRENT_PROJECT_VERSION = 1;
				GENERATE_INFOPLIST_FILE = YES;
				IPHONEOS_DEPLOYMENT_TARGET = 16.4;
				MARKETING_VERSION = 1.0;
				PRODUCT_BUNDLE_IDENTIFIER = pppp.DemoAPITests;
				PRODUCT_NAME = "$(TARGET_NAME)";
				SWIFT_EMIT_LOC_STRINGS = NO;
				SWIFT_VERSION = 5.0;
				TARGETED_DEVICE_FAMILY = "1,2";
				TEST_HOST = "$(BUILT_PRODUCTS_DIR)/DemoAPI.app/$(BUNDLE_EXECUTABLE_FOLDER_PATH)/DemoAPI";
			};
			name = Release;
		};
		9B9121672A49D0A700D11036 /* Debug */ = {
			isa = XCBuildConfiguration;
			buildSettings = {
				ALWAYS_EMBED_SWIFT_STANDARD_LIBRARIES = YES;
				CODE_SIGN_STYLE = Automatic;
				CURRENT_PROJECT_VERSION = 1;
				GENERATE_INFOPLIST_FILE = YES;
				MARKETING_VERSION = 1.0;
				PRODUCT_BUNDLE_IDENTIFIER = pppp.DemoAPIUITests;
				PRODUCT_NAME = "$(TARGET_NAME)";
				SWIFT_EMIT_LOC_STRINGS = NO;
				SWIFT_VERSION = 5.0;
				TARGETED_DEVICE_FAMILY = "1,2";
				TEST_TARGET_NAME = DemoAPI;
			};
			name = Debug;
		};
		9B9121682A49D0A700D11036 /* Release */ = {
			isa = XCBuildConfiguration;
			buildSettings = {
				ALWAYS_EMBED_SWIFT_STANDARD_LIBRARIES = YES;
				CODE_SIGN_STYLE = Automatic;
				CURRENT_PROJECT_VERSION = 1;
				GENERATE_INFOPLIST_FILE = YES;
				MARKETING_VERSION = 1.0;
				PRODUCT_BUNDLE_IDENTIFIER = pppp.DemoAPIUITests;
				PRODUCT_NAME = "$(TARGET_NAME)";
				SWIFT_EMIT_LOC_STRINGS = NO;
				SWIFT_VERSION = 5.0;
				TARGETED_DEVICE_FAMILY = "1,2";
				TEST_TARGET_NAME = DemoAPI;
			};
			name = Release;
		};
/* End XCBuildConfiguration section */

/* Begin XCConfigurationList section */
		9B9121312A49D0A500D11036 /* Build configuration list for PBXProject "DemoAPI" */ = {
			isa = XCConfigurationList;
			buildConfigurations = (
				9B91215E2A49D0A700D11036 /* Debug */,
				9B91215F2A49D0A700D11036 /* Release */,
			);
			defaultConfigurationIsVisible = 0;
			defaultConfigurationName = Release;
		};
		9B9121602A49D0A700D11036 /* Build configuration list for PBXNativeTarget "DemoAPI" */ = {
			isa = XCConfigurationList;
			buildConfigurations = (
				9B9121612A49D0A700D11036 /* Debug */,
				9B9121622A49D0A700D11036 /* Release */,
			);
			defaultConfigurationIsVisible = 0;
			defaultConfigurationName = Release;
		};
		9B9121632A49D0A700D11036 /* Build configuration list for PBXNativeTarget "DemoAPITests" */ = {
			isa = XCConfigurationList;
			buildConfigurations = (
				9B9121642A49D0A700D11036 /* Debug */,
				9B9121652A49D0A700D11036 /* Release */,
			);
			defaultConfigurationIsVisible = 0;
			defaultConfigurationName = Release;
		};
		9B9121662A49D0A700D11036 /* Build configuration list for PBXNativeTarget "DemoAPIUITests" */ = {
			isa = XCConfigurationList;
			buildConfigurations = (
				9B9121672A49D0A700D11036 /* Debug */,
				9B9121682A49D0A700D11036 /* Release */,
			);
			defaultConfigurationIsVisible = 0;
			defaultConfigurationName = Release;
		};
/* End XCConfigurationList section */

/* Begin XCRemoteSwiftPackageReference section */
		9B9121692A49D0DA00D11036 /* XCRemoteSwiftPackageReference "Alamofire" */ = {
			isa = XCRemoteSwiftPackageReference;
			repositoryURL = "https://github.com/Alamofire/Alamofire.git";
			requirement = {
				kind = upToNextMajorVersion;
				minimumVersion = 5.0.0;
			};
		};
		9BD4436F2A49EB740026C166 /* XCRemoteSwiftPackageReference "Kingfisher" */ = {
			isa = XCRemoteSwiftPackageReference;
			repositoryURL = "https://github.com/onevcat/Kingfisher.git";
			requirement = {
				kind = upToNextMajorVersion;
				minimumVersion = 7.0.0;
			};
		};
/* End XCRemoteSwiftPackageReference section */

/* Begin XCSwiftPackageProductDependency section */
		9B91216A2A49D0DA00D11036 /* Alamofire */ = {
			isa = XCSwiftPackageProductDependency;
			package = 9B9121692A49D0DA00D11036 /* XCRemoteSwiftPackageReference "Alamofire" */;
			productName = Alamofire;
		};
		9BD443702A49EB750026C166 /* Kingfisher */ = {
			isa = XCSwiftPackageProductDependency;
			package = 9BD4436F2A49EB740026C166 /* XCRemoteSwiftPackageReference "Kingfisher" */;
			productName = Kingfisher;
		};
/* End XCSwiftPackageProductDependency section */
	};
	rootObject = 9B91212E2A49D0A500D11036 /* Project object */;
}
